dependencies:
- name: cert-manager
  repository: https://charts.jetstack.io
  version: v1.13.0
- name: cilium
  repository: https://helm.cilium.io
  version: 1.15.0-pre.0
- name: metallb
  repository: https://metallb.github.io/metallb
  version: 0.13.11
- name: metrics-server
  repository: https://kubernetes-sigs.github.io/metrics-server
  version: 3.11.0
- name: local-path-provisioner
  repository: https://charts.containeroo.ch
  version: 0.0.24
- name: minio
  repository: https://charts.min.io
  version: 4.1.0
- name: kube-prometheus-stack
  repository: https://prometheus-community.github.io/helm-charts
  version: 46.8.0
- name: fluent-bit
  repository: https://fluent.github.io/helm-charts
  version: 0.30.4
- name: loki
  repository: https://grafana.github.io/helm-charts
  version: 5.22.0
- name: tempo
  repository: https://grafana.github.io/helm-charts
  version: 1.6.1
- name: mimir-distributed
  repository: https://grafana.github.io/helm-charts
  version: 4.5.0
digest: sha256:bc07f06c216d53368213bc8af01b9a2a6a62c4a631fd772c0930496ed0289bbc
generated: "2023-09-16T17:05:29.442417279Z"
