dependencies:
- name: cert-manager
  repository: https://charts.jetstack.io
  version: v1.18.2
- name: cilium
  repository: https://helm.cilium.io
  version: 1.18.0
- name: metallb
  repository: https://metallb.github.io/metallb
  version: 0.13.12
- name: metrics-server
  repository: https://kubernetes-sigs.github.io/metrics-server
  version: 3.13.0
- name: local-path-provisioner
  repository: https://charts.containeroo.ch
  version: 0.0.24
- name: minio
  repository: https://charts.min.io
  version: 4.1.0
- name: kube-prometheus-stack
  repository: https://prometheus-community.github.io/helm-charts
  version: 46.8.0
- name: fluent-bit
  repository: https://fluent.github.io/helm-charts
  version: 0.30.4
- name: loki
  repository: https://grafana.github.io/helm-charts
  version: 2.16.0
- name: tempo
  repository: https://grafana.github.io/helm-charts
  version: 1.23.2
- name: mimir-distributed
  repository: https://grafana.github.io/helm-charts
  version: 5.7.0
digest: sha256:e2576ef7d0cd2124668e577be82de9a60d0442307d04769eb054b0a1d8320568
generated: "2025-08-10T14:33:57.773886686Z"
