dependencies:
- name: cert-manager
  repository: https://charts.jetstack.io
  version: v1.18.2
- name: cilium
  repository: https://helm.cilium.io
  version: 1.18.1
- name: metallb
  repository: https://metallb.github.io/metallb
  version: 0.13.12
- name: metrics-server
  repository: https://kubernetes-sigs.github.io/metrics-server
  version: 3.13.0
- name: local-path-provisioner
  repository: https://charts.containeroo.ch
  version: 0.0.24
- name: minio
  repository: https://charts.min.io
  version: 4.1.0
- name: kube-prometheus-stack
  repository: https://prometheus-community.github.io/helm-charts
  version: 46.8.0
- name: fluent-bit
  repository: https://fluent.github.io/helm-charts
  version: 0.30.4
- name: loki
  repository: https://grafana.github.io/helm-charts
  version: 2.16.0
- name: tempo
  repository: https://grafana.github.io/helm-charts
  version: 1.23.3
- name: mimir-distributed
  repository: https://grafana.github.io/helm-charts
  version: 5.8.0
digest: sha256:f954fd10988ac8b9c4e9352db4d0aef31ac79c5203a7df4b0da830da857edf92
generated: "2025-08-20T21:45:17.086300578Z"
