dependencies:
- name: cert-manager
  repository: https://charts.jetstack.io
  version: v1.19.2
- name: cilium
  repository: https://helm.cilium.io
  version: 1.19.0-pre.3
- name: metallb
  repository: https://metallb.github.io/metallb
  version: 0.15.3
- name: metrics-server
  repository: https://kubernetes-sigs.github.io/metrics-server
  version: 3.13.0
- name: local-path-provisioner
  repository: https://charts.containeroo.ch
  version: 0.0.24
- name: minio
  repository: https://charts.min.io
  version: 4.1.0
- name: kube-prometheus-stack
  repository: https://prometheus-community.github.io/helm-charts
  version: 46.8.0
- name: fluent-bit
  repository: https://fluent.github.io/helm-charts
  version: 0.30.4
- name: loki
  repository: https://grafana.github.io/helm-charts
  version: 2.16.0
- name: tempo
  repository: https://grafana.github.io/helm-charts
  version: 1.24.1
- name: mimir-distributed
  repository: https://grafana.github.io/helm-charts
  version: 4.5.0
digest: sha256:2e330bd35bdca93c1798f1d7d5b2fcf5edf12be5b68e54579f738fcdc7ed5389
generated: "2025-12-31T17:49:38.757701798Z"
