dependencies:
- name: cert-manager
  repository: https://charts.jetstack.io
  version: v1.20.0
- name: cilium
  repository: https://helm.cilium.io
  version: 1.20.0-pre.0
- name: metallb
  repository: https://metallb.github.io/metallb
  version: 0.15.3
- name: metrics-server
  repository: https://kubernetes-sigs.github.io/metrics-server
  version: 3.13.0
- name: local-path-provisioner
  repository: https://charts.containeroo.ch
  version: 0.0.24
- name: minio
  repository: https://charts.min.io
  version: 4.1.0
- name: kube-prometheus-stack
  repository: https://prometheus-community.github.io/helm-charts
  version: 46.8.0
- name: fluent-bit
  repository: https://fluent.github.io/helm-charts
  version: 0.30.4
- name: loki
  repository: https://grafana.github.io/helm-charts
  version: 2.16.0
- name: tempo
  repository: https://grafana.github.io/helm-charts
  version: 1.24.4
- name: mimir-distributed
  repository: https://grafana.github.io/helm-charts
  version: 4.5.0
digest: sha256:1b3e8394c1f81982d11497bcae1e039227144f8f71f746538e55fba7e901253f
generated: "2026-03-13T13:29:40.952771553Z"
